{
  "name": "ghostty-config-files",
  "version": "1.0.0",
  "lockfileVersion": 3,
  "requires": true,
  "packages": {
    "": {
      "name": "ghostty-config-files",
      "version": "1.0.0",
      "license": "ISC",
      "devDependencies": {},
      "engines": {
        "node": ">=25.0.0",
        "npm": ">=10.0.0"
      }
    }
  }
}
